
Microsoft Visual Studio Solution File, Format Version 12.00
# Visual Studio Version 17
VisualStudioVersion = 17.12.35527.113
MinimumVisualStudioVersion = 10.0.40219.1
Project("{FAE04EC0-301F-11D3-BF4B-00C04F79EFBC}") = "KaShop", "WebApp1\KaShop.csproj", "{7EDD9C68-9E41-4353-8ED1-9C672E618107}"
EndProject
Global
	GlobalSection(SolutionConfigurationPlatforms) = preSolution
		Debug|Any CPU = Debug|Any CPU
		Release|Any CPU = Release|Any CPU
	EndGlobalSection
	GlobalSection(ProjectConfigurationPlatforms) = postSolution
		{7EDD9C68-9E41-4353-8ED1-9C672E618107}.Debug|Any CPU.ActiveCfg = Debug|Any CPU
		{7EDD9C68-9E41-4353-8ED1-9C672E618107}.Debug|Any CPU.Build.0 = Debug|Any CPU
		{7EDD9C68-9E41-4353-8ED1-9C672E618107}.Release|Any CPU.ActiveCfg = Release|Any CPU
		{7EDD9C68-9E41-4353-8ED1-9C672E618107}.Release|Any CPU.Build.0 = Release|Any CPU
	EndGlobalSection
	GlobalSection(SolutionProperties) = preSolution
		HideSolutionNode = FALSE
	EndGlobalSection
EndGlobal
